// !$*UTF8*$!
{
	archiveVersion = 1;
	classes = {
	};
	objectVersion = 50;
	objects = {

/* Begin PBXBuildFile section */
		11168A5E255DE22800B5210E /* DrawingApp.swift in Sources */ = {isa = PBXBuildFile; fileRef = 11168A5D255DE22800B5210E /* DrawingApp.swift */; };
		11168A60255DE22800B5210E /* ContentView.swift in Sources */ = {isa = PBXBuildFile; fileRef = 11168A5F255DE22800B5210E /* ContentView.swift */; };
		11168A62255DE22B00B5210E /* Assets.xcassets in Resources */ = {isa = PBXBuildFile; fileRef = 11168A61255DE22B00B5210E /* Assets.xcassets */; };
		11168A65255DE22B00B5210E /* Preview Assets.xcassets in Resources */ = {isa = PBXBuildFile; fileRef = 11168A64255DE22B00B5210E /* Preview Assets.xcassets */; };
		11168A6F255DE83400B5210E /* Snippets1.swift in Sources */ = {isa = PBXBuildFile; fileRef = 11168A6E255DE83400B5210E /* Snippets1.swift */; };
		11736277255DEC9400CF3228 /* Snippets2.swift in Sources */ = {isa = PBXBuildFile; fileRef = 11736276255DEC9400CF3228 /* Snippets2.swift */; };
		1173627A255DEFA600CF3228 /* Snippets3.swift in Sources */ = {isa = PBXBuildFile; fileRef = 11736279255DEFA600CF3228 /* Snippets3.swift */; };
		1173627E255DF34800CF3228 /* Snippets4.swift in Sources */ = {isa = PBXBuildFile; fileRef = 1173627D255DF34800CF3228 /* Snippets4.swift */; };
		11736285255DF57F00CF3228 /* Snippets5.swift in Sources */ = {isa = PBXBuildFile; fileRef = 11736284255DF57F00CF3228 /* Snippets5.swift */; };
/* End PBXBuildFile section */

/* Begin PBXFileReference section */
		11168A5A255DE22800B5210E /* Drawing.app */ = {isa = PBXFileReference; explicitFileType = wrapper.application; includeInIndex = 0; path = Drawing.app; sourceTree = BUILT_PRODUCTS_DIR; };
		11168A5D255DE22800B5210E /* DrawingApp.swift */ = {isa = PBXFileReference; lastKnownFileType = sourcecode.swift; path = DrawingApp.swift; sourceTree = "<group>"; };
		11168A5F255DE22800B5210E /* ContentView.swift */ = {isa = PBXFileReference; lastKnownFileType = sourcecode.swift; path = ContentView.swift; sourceTree = "<group>"; };
		11168A61255DE22B00B5210E /* Assets.xcassets */ = {isa = PBXFileReference; lastKnownFileType = folder.assetcatalog; path = Assets.xcassets; sourceTree = "<group>"; };
		11168A64255DE22B00B5210E /* Preview Assets.xcassets */ = {isa = PBXFileReference; lastKnownFileType = folder.assetcatalog; path = "Preview Assets.xcassets"; sourceTree = "<group>"; };
		11168A66255DE22B00B5210E /* Info.plist */ = {isa = PBXFileReference; lastKnownFileType = text.plist.xml; path = Info.plist; sourceTree = "<group>"; };
		11168A6E255DE83400B5210E /* Snippets1.swift */ = {isa = PBXFileReference; lastKnownFileType = sourcecode.swift; path = Snippets1.swift; sourceTree = "<group>"; };
		11736276255DEC9400CF3228 /* Snippets2.swift */ = {isa = PBXFileReference; lastKnownFileType = sourcecode.swift; path = Snippets2.swift; sourceTree = "<group>"; };
		11736279255DEFA600CF3228 /* Snippets3.swift */ = {isa = PBXFileReference; lastKnownFileType = sourcecode.swift; path = Snippets3.swift; sourceTree = "<group>"; };
		1173627D255DF34800CF3228 /* Snippets4.swift */ = {isa = PBXFileReference; lastKnownFileType = sourcecode.swift; path = Snippets4.swift; sourceTree = "<group>"; };
		11736284255DF57F00CF3228 /* Snippets5.swift */ = {isa = PBXFileReference; lastKnownFileType = sourcecode.swift; path = Snippets5.swift; sourceTree = "<group>"; };
/* End PBXFileReference section */

/* Begin PBXFrameworksBuildPhase section */
		11168A57255DE22800B5210E /* Frameworks */ = {
			isa = PBXFrameworksBuildPhase;
			buildActionMask = 2147483647;
			files = (
			);
			runOnlyForDeploymentPostprocessing = 0;
		};
/* End PBXFrameworksBuildPhase section */

/* Begin PBXGroup section */
		11168A51255DE22800B5210E = {
			isa = PBXGroup;
			children = (
				11736284255DF57F00CF3228 /* Snippets5.swift */,
				1173627D255DF34800CF3228 /* Snippets4.swift */,
				11736279255DEFA600CF3228 /* Snippets3.swift */,
				11736276255DEC9400CF3228 /* Snippets2.swift */,
				11168A6E255DE83400B5210E /* Snippets1.swift */,
				11168A5C255DE22800B5210E /* Drawing */,
				11168A5B255DE22800B5210E /* Products */,
			);
			sourceTree = "<group>";
		};
		11168A5B255DE22800B5210E /* Products */ = {
			isa = PBXGroup;
			children = (
				11168A5A255DE22800B5210E /* Drawing.app */,
			);
			name = Products;
			sourceTree = "<group>";
		};
		11168A5C255DE22800B5210E /* Drawing */ = {
			isa = PBXGroup;
			children = (
				11168A5D255DE22800B5210E /* DrawingApp.swift */,
				11168A5F255DE22800B5210E /* ContentView.swift */,
				11168A61255DE22B00B5210E /* Assets.xcassets */,
				11168A66255DE22B00B5210E /* Info.plist */,
				11168A63255DE22B00B5210E /* Preview Content */,
			);
			path = Drawing;
			sourceTree = "<group>";
		};
		11168A63255DE22B00B5210E /* Preview Content */ = {
			isa = PBXGroup;
			children = (
				11168A64255DE22B00B5210E /* Preview Assets.xcassets */,
			);
			path = "Preview Content";
			sourceTree = "<group>";
		};
/* End PBXGroup section */

/* Begin PBXNativeTarget section */
		11168A59255DE22800B5210E /* Drawing */ = {
			isa = PBXNativeTarget;
			buildConfigurationList = 11168A69255DE22B00B5210E /* Build configuration list for PBXNativeTarget "Drawing" */;
			buildPhases = (
				11168A56255DE22800B5210E /* Sources */,
				11168A57255DE22800B5210E /* Frameworks */,
				11168A58255DE22800B5210E /* Resources */,
			);
			buildRules = (
			);
			dependencies = (
			);
			name = Drawing;
			productName = Drawing;
			productReference = 11168A5A255DE22800B5210E /* Drawing.app */;
			productType = "com.apple.product-type.application";
		};
/* End PBXNativeTarget section */

/* Begin PBXProject section */
		11168A52255DE22800B5210E /* Project object */ = {
			isa = PBXProject;
			attributes = {
				LastSwiftUpdateCheck = 1220;
				LastUpgradeCheck = 1220;
				TargetAttributes = {
					11168A59255DE22800B5210E = {
						CreatedOnToolsVersion = 12.2;
					};
				};
			};
			buildConfigurationList = 11168A55255DE22800B5210E /* Build configuration list for PBXProject "Drawing" */;
			compatibilityVersion = "Xcode 9.3";
			developmentRegion = en;
			hasScannedForEncodings = 0;
			knownRegions = (
				en,
				Base,
			);
			mainGroup = 11168A51255DE22800B5210E;
			productRefGroup = 11168A5B255DE22800B5210E /* Products */;
			projectDirPath = "";
			projectRoot = "";
			targets = (
				11168A59255DE22800B5210E /* Drawing */,
			);
		};
/* End PBXProject section */

/* Begin PBXResourcesBuildPhase section */
		11168A58255DE22800B5210E /* Resources */ = {
			isa = PBXResourcesBuildPhase;
			buildActionMask = 2147483647;
			files = (
				11168A65255DE22B00B5210E /* Preview Assets.xcassets in Resources */,
				11168A62255DE22B00B5210E /* Assets.xcassets in Resources */,
			);
			runOnlyForDeploymentPostprocessing = 0;
		};
/* End PBXResourcesBuildPhase section */

/* Begin PBXSourcesBuildPhase section */
		11168A56255DE22800B5210E /* Sources */ = {
			isa = PBXSourcesBuildPhase;
			buildActionMask = 2147483647;
			files = (
				11168A60255DE22800B5210E /* ContentView.swift in Sources */,
				1173627E255DF34800CF3228 /* Snippets4.swift in Sources */,
				11168A5E255DE22800B5210E /* DrawingApp.swift in Sources */,
				1173627A255DEFA600CF3228 /* Snippets3.swift in Sources */,
				11168A6F255DE83400B5210E /* Snippets1.swift in Sources */,
				11736285255DF57F00CF3228 /* Snippets5.swift in Sources */,
				11736277255DEC9400CF3228 /* Snippets2.swift in Sources */,
			);
			runOnlyForDeploymentPostprocessing = 0;
		};
/* End PBXSourcesBuildPhase section */

/* Begin XCBuildConfiguration section */
		11168A67255DE22B00B5210E /* Debug */ = {
			isa = XCBuildConfiguration;
			buildSettings = {
				ALWAYS_SEARCH_USER_PATHS = NO;
				CLANG_ANALYZER_NONNULL = YES;
				CLANG_ANALYZER_NUMBER_OBJECT_CONVERSION = YES_AGGRESSIVE;
				CLANG_CXX_LANGUAGE_STANDARD = "gnu++14";
				CLANG_CXX_LIBRARY = "libc++";
				CLANG_ENABLE_MODULES = YES;
				CLANG_ENABLE_OBJC_ARC = YES;
				CLANG_ENABLE_OBJC_WEAK = YES;
				CLANG_WARN_BLOCK_CAPTURE_AUTORELEASING = YES;
				CLANG_WARN_BOOL_CONVERSION = YES;
				CLANG_WARN_COMMA = YES;
				CLANG_WARN_CONSTANT_CONVERSION = YES;
				CLANG_WARN_DEPRECATED_OBJC_IMPLEMENTATIONS = YES;
				CLANG_WARN_DIRECT_OBJC_ISA_USAGE = YES_ERROR;
				CLANG_WARN_DOCUMENTATION_COMMENTS = YES;
				CLANG_WARN_EMPTY_BODY = YES;
				CLANG_WARN_ENUM_CONVERSION = YES;
				CLANG_WARN_INFINITE_RECURSION = YES;
				CLANG_WARN_INT_CONVERSION = YES;
				CLANG_WARN_NON_LITERAL_NULL_CONVERSION = YES;
				CLANG_WARN_OBJC_IMPLICIT_RETAIN_SELF = YES;
				CLANG_WARN_OBJC_LITERAL_CONVERSION = YES;
				CLANG_WARN_OBJC_ROOT_CLASS = YES_ERROR;
				CLANG_WARN_QUOTED_INCLUDE_IN_FRAMEWORK_HEADER = YES;
				CLANG_WARN_RANGE_LOOP_ANALYSIS = YES;
				CLANG_WARN_STRICT_PROTOTYPES = YES;
				CLANG_WARN_SUSPICIOUS_MOVE = YES;
				CLANG_WARN_UNGUARDED_AVAILABILITY = YES_AGGRESSIVE;
				CLANG_WARN_UNREACHABLE_CODE = YES;
				CLANG_WARN__DUPLICATE_METHOD_MATCH = YES;
				COPY_PHASE_STRIP = NO;
				DEBUG_INFORMATION_FORMAT = dwarf;
				ENABLE_STRICT_OBJC_MSGSEND = YES;
				ENABLE_TESTABILITY = YES;
				GCC_C_LANGUAGE_STANDARD = gnu11;
				GCC_DYNAMIC_NO_PIC = NO;
				GCC_NO_COMMON_BLOCKS = YES;
				GCC_OPTIMIZATION_LEVEL = 0;
				GCC_PREPROCESSOR_DEFINITIONS = (
					"DEBUG=1",
					"$(inherited)",
				);
				GCC_WARN_64_TO_32_BIT_CONVERSION = YES;
				GCC_WARN_ABOUT_RETURN_TYPE = YES_ERROR;
				GCC_WARN_UNDECLARED_SELECTOR = YES;
				GCC_WARN_UNINITIALIZED_AUTOS = YES_AGGRESSIVE;
				GCC_WARN_UNUSED_FUNCTION = YES;
				GCC_WARN_UNUSED_VARIABLE = YES;
				IPHONEOS_DEPLOYMENT_TARGET = 14.2;
				MTL_ENABLE_DEBUG_INFO = INCLUDE_SOURCE;
				MTL_FAST_MATH = YES;
				ONLY_ACTIVE_ARCH = YES;
				SDKROOT = iphoneos;
				SWIFT_ACTIVE_COMPILATION_CONDITIONS = DEBUG;
				SWIFT_OPTIMIZATION_LEVEL = "-Onone";
			};
			name = Debug;
		};
		11168A68255DE22B00B5210E /* Release */ = {
			isa = XCBuildConfiguration;
			buildSettings = {
				ALWAYS_SEARCH_USER_PATHS = NO;
				CLANG_ANALYZER_NONNULL = YES;
				CLANG_ANALYZER_NUMBER_OBJECT_CONVERSION = YES_AGGRESSIVE;
				CLANG_CXX_LANGUAGE_STANDARD = "gnu++14";
				CLANG_CXX_LIBRARY = "libc++";
				CLANG_ENABLE_MODULES = YES;
				CLANG_ENABLE_OBJC_ARC = YES;
				CLANG_ENABLE_OBJC_WEAK = YES;
				CLANG_WARN_BLOCK_CAPTURE_AUTORELEASING = YES;
				CLANG_WARN_BOOL_CONVERSION = YES;
				CLANG_WARN_COMMA = YES;
				CLANG_WARN_CONSTANT_CONVERSION = YES;
				CLANG_WARN_DEPRECATED_OBJC_IMPLEMENTATIONS = YES;
				CLANG_WARN_DIRECT_OBJC_ISA_USAGE = YES_ERROR;
				CLANG_WARN_DOCUMENTATION_COMMENTS = YES;
				CLANG_WARN_EMPTY_BODY = YES;
				CLANG_WARN_ENUM_CONVERSION = YES;
				CLANG_WARN_INFINITE_RECURSION = YES;
				CLANG_WARN_INT_CONVERSION = YES;
				CLANG_WARN_NON_LITERAL_NULL_CONVERSION = YES;
				CLANG_WARN_OBJC_IMPLICIT_RETAIN_SELF = YES;
				CLANG_WARN_OBJC_LITERAL_CONVERSION = YES;
				CLANG_WARN_OBJC_ROOT_CLASS = YES_ERROR;
				CLANG_WARN_QUOTED_INCLUDE_IN_FRAMEWORK_HEADER = YES;
				CLANG_WARN_RANGE_LOOP_ANALYSIS = YES;
				CLANG_WARN_STRICT_PROTOTYPES = YES;
				CLANG_WARN_SUSPICIOUS_MOVE = YES;
				CLANG_WARN_UNGUARDED_AVAILABILITY = YES_AGGRESSIVE;
				CLANG_WARN_UNREACHABLE_CODE = YES;
				CLANG_WARN__DUPLICATE_METHOD_MATCH = YES;
				COPY_PHASE_STRIP = NO;
				DEBUG_INFORMATION_FORMAT = "dwarf-with-dsym";
				ENABLE_NS_ASSERTIONS = NO;
				ENABLE_STRICT_OBJC_MSGSEND = YES;
				GCC_C_LANGUAGE_STANDARD = gnu11;
				GCC_NO_COMMON_BLOCKS = YES;
				GCC_WARN_64_TO_32_BIT_CONVERSION = YES;
				GCC_WARN_ABOUT_RETURN_TYPE = YES_ERROR;
				GCC_WARN_UNDECLARED_SELECTOR = YES;
				GCC_WARN_UNINITIALIZED_AUTOS = YES_AGGRESSIVE;
				GCC_WARN_UNUSED_FUNCTION = YES;
				GCC_WARN_UNUSED_VARIABLE = YES;
				IPHONEOS_DEPLOYMENT_TARGET = 14.2;
				MTL_ENABLE_DEBUG_INFO = NO;
				MTL_FAST_MATH = YES;
				SDKROOT = iphoneos;
				SWIFT_COMPILATION_MODE = wholemodule;
				SWIFT_OPTIMIZATION_LEVEL = "-O";
				VALIDATE_PRODUCT = YES;
			};
			name = Release;
		};
		11168A6A255DE22B00B5210E /* Debug */ = {
			isa = XCBuildConfiguration;
			buildSettings = {
				ASSETCATALOG_COMPILER_APPICON_NAME = AppIcon;
				ASSETCATALOG_COMPILER_GLOBAL_ACCENT_COLOR_NAME = AccentColor;
				CODE_SIGN_STYLE = Automatic;
				DEVELOPMENT_ASSET_PATHS = "\"Drawing/Preview Content\"";
				DEVELOPMENT_TEAM = 3C75CMFT8S;
				ENABLE_PREVIEWS = YES;
				INFOPLIST_FILE = Drawing/Info.plist;
				IPHONEOS_DEPLOYMENT_TARGET = 14.0;
				LD_RUNPATH_SEARCH_PATHS = (
					"$(inherited)",
					"@executable_path/Frameworks",
				);
				PRODUCT_BUNDLE_IDENTIFIER = "com.mastermakrela.100-days-of-SwiftUI";
				PRODUCT_NAME = "$(TARGET_NAME)";
				SWIFT_VERSION = 5.0;
				TARGETED_DEVICE_FAMILY = "1,2";
			};
			name = Debug;
		};
		11168A6B255DE22B00B5210E /* Release */ = {
			isa = XCBuildConfiguration;
			buildSettings = {
				ASSETCATALOG_COMPILER_APPICON_NAME = AppIcon;
				ASSETCATALOG_COMPILER_GLOBAL_ACCENT_COLOR_NAME = AccentColor;
				CODE_SIGN_STYLE = Automatic;
				DEVELOPMENT_ASSET_PATHS = "\"Drawing/Preview Content\"";
				DEVELOPMENT_TEAM = 3C75CMFT8S;
				ENABLE_PREVIEWS = YES;
				INFOPLIST_FILE = Drawing/Info.plist;
				IPHONEOS_DEPLOYMENT_TARGET = 14.0;
				LD_RUNPATH_SEARCH_PATHS = (
					"$(inherited)",
					"@executable_path/Frameworks",
				);
				PRODUCT_BUNDLE_IDENTIFIER = "com.mastermakrela.100-days-of-SwiftUI";
				PRODUCT_NAME = "$(TARGET_NAME)";
				SWIFT_VERSION = 5.0;
				TARGETED_DEVICE_FAMILY = "1,2";
			};
			name = Release;
		};
/* End XCBuildConfiguration section */

/* Begin XCConfigurationList section */
		11168A55255DE22800B5210E /* Build configuration list for PBXProject "Drawing" */ = {
			isa = XCConfigurationList;
			buildConfigurations = (
				11168A67255DE22B00B5210E /* Debug */,
				11168A68255DE22B00B5210E /* Release */,
			);
			defaultConfigurationIsVisible = 0;
			defaultConfigurationName = Release;
		};
		11168A69255DE22B00B5210E /* Build configuration list for PBXNativeTarget "Drawing" */ = {
			isa = XCConfigurationList;
			buildConfigurations = (
				11168A6A255DE22B00B5210E /* Debug */,
				11168A6B255DE22B00B5210E /* Release */,
			);
			defaultConfigurationIsVisible = 0;
			defaultConfigurationName = Release;
		};
/* End XCConfigurationList section */
	};
	rootObject = 11168A52255DE22800B5210E /* Project object */;
}
