// !$*UTF8*$!
{
	archiveVersion = 1;
	classes = {
	};
	objectVersion = 50;
	objects = {

/* Begin PBXBuildFile section */
		11FC906A261F48B30069E3F9 /* SnowSeekerApp.swift in Sources */ = {isa = PBXBuildFile; fileRef = 11FC9069261F48B30069E3F9 /* SnowSeekerApp.swift */; };
		11FC906C261F48B40069E3F9 /* ContentView.swift in Sources */ = {isa = PBXBuildFile; fileRef = 11FC906B261F48B40069E3F9 /* ContentView.swift */; };
		11FC906E261F48B60069E3F9 /* Assets.xcassets in Resources */ = {isa = PBXBuildFile; fileRef = 11FC906D261F48B60069E3F9 /* Assets.xcassets */; };
		11FC9071261F48B60069E3F9 /* Preview Assets.xcassets in Resources */ = {isa = PBXBuildFile; fileRef = 11FC9070261F48B60069E3F9 /* Preview Assets.xcassets */; };
		11FC9079261F4C850069E3F9 /* resorts.json in Resources */ = {isa = PBXBuildFile; fileRef = 11FC9078261F4C850069E3F9 /* resorts.json */; };
		11FC907B261F4CCD0069E3F9 /* Resort.swift in Sources */ = {isa = PBXBuildFile; fileRef = 11FC907A261F4CCD0069E3F9 /* Resort.swift */; };
		11FC907D261F4DE90069E3F9 /* Bundle-Decodable.swift in Sources */ = {isa = PBXBuildFile; fileRef = 11FC907C261F4DE90069E3F9 /* Bundle-Decodable.swift */; };
		11FC907F261F50A70069E3F9 /* ResortView.swift in Sources */ = {isa = PBXBuildFile; fileRef = 11FC907E261F50A70069E3F9 /* ResortView.swift */; };
		11FC9081261F51B00069E3F9 /* SkiDetailsView.swift in Sources */ = {isa = PBXBuildFile; fileRef = 11FC9080261F51B00069E3F9 /* SkiDetailsView.swift */; };
		11FC9083261F51DB0069E3F9 /* ResortDetailsView.swift in Sources */ = {isa = PBXBuildFile; fileRef = 11FC9082261F51DB0069E3F9 /* ResortDetailsView.swift */; };
		11FC9085261F564C0069E3F9 /* Facility.swift in Sources */ = {isa = PBXBuildFile; fileRef = 11FC9084261F564C0069E3F9 /* Facility.swift */; };
		11FC9087261F5AD50069E3F9 /* Favorites.swift in Sources */ = {isa = PBXBuildFile; fileRef = 11FC9086261F5AD50069E3F9 /* Favorites.swift */; };
/* End PBXBuildFile section */

/* Begin PBXFileReference section */
		11FC9066261F48B30069E3F9 /* SnowSeeker.app */ = {isa = PBXFileReference; explicitFileType = wrapper.application; includeInIndex = 0; path = SnowSeeker.app; sourceTree = BUILT_PRODUCTS_DIR; };
		11FC9069261F48B30069E3F9 /* SnowSeekerApp.swift */ = {isa = PBXFileReference; lastKnownFileType = sourcecode.swift; path = SnowSeekerApp.swift; sourceTree = "<group>"; };
		11FC906B261F48B40069E3F9 /* ContentView.swift */ = {isa = PBXFileReference; lastKnownFileType = sourcecode.swift; path = ContentView.swift; sourceTree = "<group>"; };
		11FC906D261F48B60069E3F9 /* Assets.xcassets */ = {isa = PBXFileReference; lastKnownFileType = folder.assetcatalog; path = Assets.xcassets; sourceTree = "<group>"; };
		11FC9070261F48B60069E3F9 /* Preview Assets.xcassets */ = {isa = PBXFileReference; lastKnownFileType = folder.assetcatalog; path = "Preview Assets.xcassets"; sourceTree = "<group>"; };
		11FC9072261F48B60069E3F9 /* Info.plist */ = {isa = PBXFileReference; lastKnownFileType = text.plist.xml; path = Info.plist; sourceTree = "<group>"; };
		11FC9078261F4C850069E3F9 /* resorts.json */ = {isa = PBXFileReference; fileEncoding = 4; lastKnownFileType = text.json; path = resorts.json; sourceTree = "<group>"; };
		11FC907A261F4CCD0069E3F9 /* Resort.swift */ = {isa = PBXFileReference; lastKnownFileType = sourcecode.swift; path = Resort.swift; sourceTree = "<group>"; };
		11FC907C261F4DE90069E3F9 /* Bundle-Decodable.swift */ = {isa = PBXFileReference; lastKnownFileType = sourcecode.swift; path = "Bundle-Decodable.swift"; sourceTree = "<group>"; };
		11FC907E261F50A70069E3F9 /* ResortView.swift */ = {isa = PBXFileReference; lastKnownFileType = sourcecode.swift; path = ResortView.swift; sourceTree = "<group>"; };
		11FC9080261F51B00069E3F9 /* SkiDetailsView.swift */ = {isa = PBXFileReference; lastKnownFileType = sourcecode.swift; path = SkiDetailsView.swift; sourceTree = "<group>"; };
		11FC9082261F51DB0069E3F9 /* ResortDetailsView.swift */ = {isa = PBXFileReference; lastKnownFileType = sourcecode.swift; path = ResortDetailsView.swift; sourceTree = "<group>"; };
		11FC9084261F564C0069E3F9 /* Facility.swift */ = {isa = PBXFileReference; lastKnownFileType = sourcecode.swift; path = Facility.swift; sourceTree = "<group>"; };
		11FC9086261F5AD50069E3F9 /* Favorites.swift */ = {isa = PBXFileReference; lastKnownFileType = sourcecode.swift; path = Favorites.swift; sourceTree = "<group>"; };
/* End PBXFileReference section */

/* Begin PBXFrameworksBuildPhase section */
		11FC9063261F48B30069E3F9 /* Frameworks */ = {
			isa = PBXFrameworksBuildPhase;
			buildActionMask = 2147483647;
			files = (
			);
			runOnlyForDeploymentPostprocessing = 0;
		};
/* End PBXFrameworksBuildPhase section */

/* Begin PBXGroup section */
		11FC905D261F48B30069E3F9 = {
			isa = PBXGroup;
			children = (
				11FC9068261F48B30069E3F9 /* SnowSeeker */,
				11FC9067261F48B30069E3F9 /* Products */,
			);
			sourceTree = "<group>";
		};
		11FC9067261F48B30069E3F9 /* Products */ = {
			isa = PBXGroup;
			children = (
				11FC9066261F48B30069E3F9 /* SnowSeeker.app */,
			);
			name = Products;
			sourceTree = "<group>";
		};
		11FC9068261F48B30069E3F9 /* SnowSeeker */ = {
			isa = PBXGroup;
			children = (
				11FC9078261F4C850069E3F9 /* resorts.json */,
				11FC9069261F48B30069E3F9 /* SnowSeekerApp.swift */,
				11FC906B261F48B40069E3F9 /* ContentView.swift */,
				11FC907E261F50A70069E3F9 /* ResortView.swift */,
				11FC9086261F5AD50069E3F9 /* Favorites.swift */,
				11FC9080261F51B00069E3F9 /* SkiDetailsView.swift */,
				11FC9084261F564C0069E3F9 /* Facility.swift */,
				11FC9082261F51DB0069E3F9 /* ResortDetailsView.swift */,
				11FC907A261F4CCD0069E3F9 /* Resort.swift */,
				11FC907C261F4DE90069E3F9 /* Bundle-Decodable.swift */,
				11FC906D261F48B60069E3F9 /* Assets.xcassets */,
				11FC9072261F48B60069E3F9 /* Info.plist */,
				11FC906F261F48B60069E3F9 /* Preview Content */,
			);
			path = SnowSeeker;
			sourceTree = "<group>";
		};
		11FC906F261F48B60069E3F9 /* Preview Content */ = {
			isa = PBXGroup;
			children = (
				11FC9070261F48B60069E3F9 /* Preview Assets.xcassets */,
			);
			path = "Preview Content";
			sourceTree = "<group>";
		};
/* End PBXGroup section */

/* Begin PBXNativeTarget section */
		11FC9065261F48B30069E3F9 /* SnowSeeker */ = {
			isa = PBXNativeTarget;
			buildConfigurationList = 11FC9075261F48B60069E3F9 /* Build configuration list for PBXNativeTarget "SnowSeeker" */;
			buildPhases = (
				11FC9062261F48B30069E3F9 /* Sources */,
				11FC9063261F48B30069E3F9 /* Frameworks */,
				11FC9064261F48B30069E3F9 /* Resources */,
			);
			buildRules = (
			);
			dependencies = (
			);
			name = SnowSeeker;
			productName = SnowSeeker;
			productReference = 11FC9066261F48B30069E3F9 /* SnowSeeker.app */;
			productType = "com.apple.product-type.application";
		};
/* End PBXNativeTarget section */

/* Begin PBXProject section */
		11FC905E261F48B30069E3F9 /* Project object */ = {
			isa = PBXProject;
			attributes = {
				LastSwiftUpdateCheck = 1250;
				LastUpgradeCheck = 1250;
				TargetAttributes = {
					11FC9065261F48B30069E3F9 = {
						CreatedOnToolsVersion = 12.5;
					};
				};
			};
			buildConfigurationList = 11FC9061261F48B30069E3F9 /* Build configuration list for PBXProject "SnowSeeker" */;
			compatibilityVersion = "Xcode 9.3";
			developmentRegion = en;
			hasScannedForEncodings = 0;
			knownRegions = (
				en,
				Base,
			);
			mainGroup = 11FC905D261F48B30069E3F9;
			productRefGroup = 11FC9067261F48B30069E3F9 /* Products */;
			projectDirPath = "";
			projectRoot = "";
			targets = (
				11FC9065261F48B30069E3F9 /* SnowSeeker */,
			);
		};
/* End PBXProject section */

/* Begin PBXResourcesBuildPhase section */
		11FC9064261F48B30069E3F9 /* Resources */ = {
			isa = PBXResourcesBuildPhase;
			buildActionMask = 2147483647;
			files = (
				11FC9079261F4C850069E3F9 /* resorts.json in Resources */,
				11FC9071261F48B60069E3F9 /* Preview Assets.xcassets in Resources */,
				11FC906E261F48B60069E3F9 /* Assets.xcassets in Resources */,
			);
			runOnlyForDeploymentPostprocessing = 0;
		};
/* End PBXResourcesBuildPhase section */

/* Begin PBXSourcesBuildPhase section */
		11FC9062261F48B30069E3F9 /* Sources */ = {
			isa = PBXSourcesBuildPhase;
			buildActionMask = 2147483647;
			files = (
				11FC9087261F5AD50069E3F9 /* Favorites.swift in Sources */,
				11FC906C261F48B40069E3F9 /* ContentView.swift in Sources */,
				11FC9081261F51B00069E3F9 /* SkiDetailsView.swift in Sources */,
				11FC907B261F4CCD0069E3F9 /* Resort.swift in Sources */,
				11FC907F261F50A70069E3F9 /* ResortView.swift in Sources */,
				11FC906A261F48B30069E3F9 /* SnowSeekerApp.swift in Sources */,
				11FC9083261F51DB0069E3F9 /* ResortDetailsView.swift in Sources */,
				11FC9085261F564C0069E3F9 /* Facility.swift in Sources */,
				11FC907D261F4DE90069E3F9 /* Bundle-Decodable.swift in Sources */,
			);
			runOnlyForDeploymentPostprocessing = 0;
		};
/* End PBXSourcesBuildPhase section */

/* Begin XCBuildConfiguration section */
		11FC9073261F48B60069E3F9 /* Debug */ = {
			isa = XCBuildConfiguration;
			buildSettings = {
				ALWAYS_SEARCH_USER_PATHS = NO;
				CLANG_ANALYZER_NONNULL = YES;
				CLANG_ANALYZER_NUMBER_OBJECT_CONVERSION = YES_AGGRESSIVE;
				CLANG_CXX_LANGUAGE_STANDARD = "gnu++14";
				CLANG_CXX_LIBRARY = "libc++";
				CLANG_ENABLE_MODULES = YES;
				CLANG_ENABLE_OBJC_ARC = YES;
				CLANG_ENABLE_OBJC_WEAK = YES;
				CLANG_WARN_BLOCK_CAPTURE_AUTORELEASING = YES;
				CLANG_WARN_BOOL_CONVERSION = YES;
				CLANG_WARN_COMMA = YES;
				CLANG_WARN_CONSTANT_CONVERSION = YES;
				CLANG_WARN_DEPRECATED_OBJC_IMPLEMENTATIONS = YES;
				CLANG_WARN_DIRECT_OBJC_ISA_USAGE = YES_ERROR;
				CLANG_WARN_DOCUMENTATION_COMMENTS = YES;
				CLANG_WARN_EMPTY_BODY = YES;
				CLANG_WARN_ENUM_CONVERSION = YES;
				CLANG_WARN_INFINITE_RECURSION = YES;
				CLANG_WARN_INT_CONVERSION = YES;
				CLANG_WARN_NON_LITERAL_NULL_CONVERSION = YES;
				CLANG_WARN_OBJC_IMPLICIT_RETAIN_SELF = YES;
				CLANG_WARN_OBJC_LITERAL_CONVERSION = YES;
				CLANG_WARN_OBJC_ROOT_CLASS = YES_ERROR;
				CLANG_WARN_QUOTED_INCLUDE_IN_FRAMEWORK_HEADER = YES;
				CLANG_WARN_RANGE_LOOP_ANALYSIS = YES;
				CLANG_WARN_STRICT_PROTOTYPES = YES;
				CLANG_WARN_SUSPICIOUS_MOVE = YES;
				CLANG_WARN_UNGUARDED_AVAILABILITY = YES_AGGRESSIVE;
				CLANG_WARN_UNREACHABLE_CODE = YES;
				CLANG_WARN__DUPLICATE_METHOD_MATCH = YES;
				COPY_PHASE_STRIP = NO;
				DEBUG_INFORMATION_FORMAT = dwarf;
				ENABLE_STRICT_OBJC_MSGSEND = YES;
				ENABLE_TESTABILITY = YES;
				GCC_C_LANGUAGE_STANDARD = gnu11;
				GCC_DYNAMIC_NO_PIC = NO;
				GCC_NO_COMMON_BLOCKS = YES;
				GCC_OPTIMIZATION_LEVEL = 0;
				GCC_PREPROCESSOR_DEFINITIONS = (
					"DEBUG=1",
					"$(inherited)",
				);
				GCC_WARN_64_TO_32_BIT_CONVERSION = YES;
				GCC_WARN_ABOUT_RETURN_TYPE = YES_ERROR;
				GCC_WARN_UNDECLARED_SELECTOR = YES;
				GCC_WARN_UNINITIALIZED_AUTOS = YES_AGGRESSIVE;
				GCC_WARN_UNUSED_FUNCTION = YES;
				GCC_WARN_UNUSED_VARIABLE = YES;
				IPHONEOS_DEPLOYMENT_TARGET = 14.5;
				MTL_ENABLE_DEBUG_INFO = INCLUDE_SOURCE;
				MTL_FAST_MATH = YES;
				ONLY_ACTIVE_ARCH = YES;
				SDKROOT = iphoneos;
				SWIFT_ACTIVE_COMPILATION_CONDITIONS = DEBUG;
				SWIFT_OPTIMIZATION_LEVEL = "-Onone";
			};
			name = Debug;
		};
		11FC9074261F48B60069E3F9 /* Release */ = {
			isa = XCBuildConfiguration;
			buildSettings = {
				ALWAYS_SEARCH_USER_PATHS = NO;
				CLANG_ANALYZER_NONNULL = YES;
				CLANG_ANALYZER_NUMBER_OBJECT_CONVERSION = YES_AGGRESSIVE;
				CLANG_CXX_LANGUAGE_STANDARD = "gnu++14";
				CLANG_CXX_LIBRARY = "libc++";
				CLANG_ENABLE_MODULES = YES;
				CLANG_ENABLE_OBJC_ARC = YES;
				CLANG_ENABLE_OBJC_WEAK = YES;
				CLANG_WARN_BLOCK_CAPTURE_AUTORELEASING = YES;
				CLANG_WARN_BOOL_CONVERSION = YES;
				CLANG_WARN_COMMA = YES;
				CLANG_WARN_CONSTANT_CONVERSION = YES;
				CLANG_WARN_DEPRECATED_OBJC_IMPLEMENTATIONS = YES;
				CLANG_WARN_DIRECT_OBJC_ISA_USAGE = YES_ERROR;
				CLANG_WARN_DOCUMENTATION_COMMENTS = YES;
				CLANG_WARN_EMPTY_BODY = YES;
				CLANG_WARN_ENUM_CONVERSION = YES;
				CLANG_WARN_INFINITE_RECURSION = YES;
				CLANG_WARN_INT_CONVERSION = YES;
				CLANG_WARN_NON_LITERAL_NULL_CONVERSION = YES;
				CLANG_WARN_OBJC_IMPLICIT_RETAIN_SELF = YES;
				CLANG_WARN_OBJC_LITERAL_CONVERSION = YES;
				CLANG_WARN_OBJC_ROOT_CLASS = YES_ERROR;
				CLANG_WARN_QUOTED_INCLUDE_IN_FRAMEWORK_HEADER = YES;
				CLANG_WARN_RANGE_LOOP_ANALYSIS = YES;
				CLANG_WARN_STRICT_PROTOTYPES = YES;
				CLANG_WARN_SUSPICIOUS_MOVE = YES;
				CLANG_WARN_UNGUARDED_AVAILABILITY = YES_AGGRESSIVE;
				CLANG_WARN_UNREACHABLE_CODE = YES;
				CLANG_WARN__DUPLICATE_METHOD_MATCH = YES;
				COPY_PHASE_STRIP = NO;
				DEBUG_INFORMATION_FORMAT = "dwarf-with-dsym";
				ENABLE_NS_ASSERTIONS = NO;
				ENABLE_STRICT_OBJC_MSGSEND = YES;
				GCC_C_LANGUAGE_STANDARD = gnu11;
				GCC_NO_COMMON_BLOCKS = YES;
				GCC_WARN_64_TO_32_BIT_CONVERSION = YES;
				GCC_WARN_ABOUT_RETURN_TYPE = YES_ERROR;
				GCC_WARN_UNDECLARED_SELECTOR = YES;
				GCC_WARN_UNINITIALIZED_AUTOS = YES_AGGRESSIVE;
				GCC_WARN_UNUSED_FUNCTION = YES;
				GCC_WARN_UNUSED_VARIABLE = YES;
				IPHONEOS_DEPLOYMENT_TARGET = 14.5;
				MTL_ENABLE_DEBUG_INFO = NO;
				MTL_FAST_MATH = YES;
				SDKROOT = iphoneos;
				SWIFT_COMPILATION_MODE = wholemodule;
				SWIFT_OPTIMIZATION_LEVEL = "-O";
				VALIDATE_PRODUCT = YES;
			};
			name = Release;
		};
		11FC9076261F48B60069E3F9 /* Debug */ = {
			isa = XCBuildConfiguration;
			buildSettings = {
				ASSETCATALOG_COMPILER_APPICON_NAME = AppIcon;
				ASSETCATALOG_COMPILER_GLOBAL_ACCENT_COLOR_NAME = AccentColor;
				CODE_SIGN_STYLE = Automatic;
				DEVELOPMENT_ASSET_PATHS = "\"SnowSeeker/Preview Content\"";
				DEVELOPMENT_TEAM = 3C75CMFT8S;
				ENABLE_PREVIEWS = YES;
				INFOPLIST_FILE = SnowSeeker/Info.plist;
				IPHONEOS_DEPLOYMENT_TARGET = 14.0;
				LD_RUNPATH_SEARCH_PATHS = (
					"$(inherited)",
					"@executable_path/Frameworks",
				);
				PRODUCT_BUNDLE_IDENTIFIER = com.mastermakrela.SnowSeeker;
				PRODUCT_NAME = "$(TARGET_NAME)";
				SWIFT_VERSION = 5.0;
				TARGETED_DEVICE_FAMILY = "1,2";
			};
			name = Debug;
		};
		11FC9077261F48B60069E3F9 /* Release */ = {
			isa = XCBuildConfiguration;
			buildSettings = {
				ASSETCATALOG_COMPILER_APPICON_NAME = AppIcon;
				ASSETCATALOG_COMPILER_GLOBAL_ACCENT_COLOR_NAME = AccentColor;
				CODE_SIGN_STYLE = Automatic;
				DEVELOPMENT_ASSET_PATHS = "\"SnowSeeker/Preview Content\"";
				DEVELOPMENT_TEAM = 3C75CMFT8S;
				ENABLE_PREVIEWS = YES;
				INFOPLIST_FILE = SnowSeeker/Info.plist;
				IPHONEOS_DEPLOYMENT_TARGET = 14.0;
				LD_RUNPATH_SEARCH_PATHS = (
					"$(inherited)",
					"@executable_path/Frameworks",
				);
				PRODUCT_BUNDLE_IDENTIFIER = com.mastermakrela.SnowSeeker;
				PRODUCT_NAME = "$(TARGET_NAME)";
				SWIFT_VERSION = 5.0;
				TARGETED_DEVICE_FAMILY = "1,2";
			};
			name = Release;
		};
/* End XCBuildConfiguration section */

/* Begin XCConfigurationList section */
		11FC9061261F48B30069E3F9 /* Build configuration list for PBXProject "SnowSeeker" */ = {
			isa = XCConfigurationList;
			buildConfigurations = (
				11FC9073261F48B60069E3F9 /* Debug */,
				11FC9074261F48B60069E3F9 /* Release */,
			);
			defaultConfigurationIsVisible = 0;
			defaultConfigurationName = Release;
		};
		11FC9075261F48B60069E3F9 /* Build configuration list for PBXNativeTarget "SnowSeeker" */ = {
			isa = XCConfigurationList;
			buildConfigurations = (
				11FC9076261F48B60069E3F9 /* Debug */,
				11FC9077261F48B60069E3F9 /* Release */,
			);
			defaultConfigurationIsVisible = 0;
			defaultConfigurationName = Release;
		};
/* End XCConfigurationList section */
	};
	rootObject = 11FC905E261F48B30069E3F9 /* Project object */;
}
